lockfileVersion: '9.0'

settings:
  autoInstallPeers: true
  excludeLinksFromLockfile: false

importers:

  .:
    devDependencies:
      '@types/node':
        specifier: ^22.10.0
        version: 22.20.4
      typescript:
        specifier: ^5.7.0
        version: 5.9.3

  examples/chat:
    dependencies:
      '@raptorstack/raptorjs':
        specifier: workspace:*
        version: link:../../packages/raptorjs
      '@raptorstack/wire':
        specifier: workspace:*
        version: link:../../packages/wire

  examples/cli-shell:
    dependencies:
      '@raptorstack/host':
        specifier: workspace:*
        version: link:../../packages/host
      '@raptorstack/raptorjs':
        specifier: workspace:*
        version: link:../../packages/raptorjs

  examples/counter:
    dependencies:
      '@raptorstack/raptorjs':
        specifier: workspace:*
        version: link:../../packages/raptorjs
    devDependencies:
      '@raptorstack/engine':
        specifier: workspace:*
        version: link:../../packages/engine

  examples/desktop-shell:
    dependencies:
      '@raptorstack/host':
        specifier: workspace:*
        version: link:../../packages/host
      '@raptorstack/raptorjs':
        specifier: workspace:*
        version: link:../../packages/raptorjs

  examples/device-shell:
    dependencies:
      '@raptorstack/host':
        specifier: workspace:*
        version: link:../../packages/host
      '@raptorstack/raptorjs':
        specifier: workspace:*
        version: link:../../packages/raptorjs

  examples/mobile-shell:
    dependencies:
      '@raptorstack/host':
        specifier: workspace:*
        version: link:../../packages/host
      '@raptorstack/raptorjs':
        specifier: workspace:*
        version: link:../../packages/raptorjs

  examples/raptor-runtime-spike:
    devDependencies:
      '@raptorstack/runtime':
        specifier: workspace:*
        version: link:../../packages/runtime

  examples/raptorengine-app:
    dependencies:
      '@raptorstack/engine':
        specifier: workspace:*
        version: link:../../packages/engine
      '@raptorstack/raptorjs':
        specifier: workspace:*
        version: link:../../packages/raptorjs
      '@raptorstack/wire':
        specifier: workspace:*
        version: link:../../packages/wire

  examples/raptortest-crud:
    dependencies:
      '@raptorstack/test':
        specifier: workspace:*
        version: link:../../packages/test

  examples/realtime-dashboard:
    dependencies:
      '@raptorstack/raptorjs':
        specifier: workspace:*
        version: link:../../packages/raptorjs
      '@raptorstack/wire':
        specifier: workspace:*
        version: link:../../packages/wire
    devDependencies:
      '@raptorstack/engine':
        specifier: workspace:*
        version: link:../../packages/engine

  examples/service-shell:
    dependencies:
      '@raptorstack/host':
        specifier: workspace:*
        version: link:../../packages/host
      '@raptorstack/raptorjs':
        specifier: workspace:*
        version: link:../../packages/raptorjs

  examples/site:
    dependencies:
      '@raptorstack/raptorjs':
        specifier: workspace:*
        version: link:../../packages/raptorjs
      '@raptorstack/wire':
        specifier: workspace:*
        version: link:../../packages/wire
    devDependencies:
      '@raptorstack/engine':
        specifier: workspace:*
        version: link:../../packages/engine

  examples/todo-realtime:
    dependencies:
      '@raptorstack/raptorjs':
        specifier: workspace:*
        version: link:../../packages/raptorjs
      '@raptorstack/wire':
        specifier: workspace:*
        version: link:../../packages/wire
    devDependencies:
      '@raptorstack/engine':
        specifier: workspace:*
        version: link:../../packages/engine

  examples/web-shell:
    dependencies:
      '@raptorstack/host':
        specifier: workspace:*
        version: link:../../packages/host
      '@raptorstack/raptorjs':
        specifier: workspace:*
        version: link:../../packages/raptorjs
    devDependencies:
      '@raptorstack/engine':
        specifier: workspace:*
        version: link:../../packages/engine

  packages/engine:
    dependencies:
      '@raptorstack/host':
        specifier: workspace:*
        version: link:../host
      '@raptorstack/runtime':
        specifier: workspace:*
        version: link:../runtime
      '@raptorstack/wire':
        specifier: workspace:*
        version: link:../wire
      typescript:
        specifier: ^5.7.0
        version: 5.9.3

  packages/host: {}

  packages/raptorjs: {}

  packages/runtime: {}

  packages/test: {}

  packages/wire:
    dependencies:
      '@raptorstack/raptorjs':
        specifier: workspace:*
        version: link:../raptorjs

packages:

  '@types/node@22.20.4':
    resolution: {integrity: sha512-zJRE40jpHtKqE/C4fgHrAKQLJuSpzEnP9ff9Y7YtoR3Wd2pwqzlekDeEuUQXjRd+QCYnVnNwuJYmhdk9XV8gvA==}

  typescript@5.9.3:
    resolution: {integrity: sha512-jl1vZzPDinLr9eUt3J/t7V6FgNEw9QjvBPdysz9KfQDD41fQrC2Y4vKQdiaUpFT4bXlb1RHhLpp8wtm6M5TgSw==}
    engines: {node: '>=14.17'}
    hasBin: true

  undici-types@6.21.0:
    resolution: {integrity: sha512-iwDZqg0QAGrg9Rav5H4n0M64c3mkR59cJ6wQp+7C4nI0gsmExaedaYLNO44eT4AtBBwjbTiGPMlt2Md0T9H9JQ==}

snapshots:

  '@types/node@22.20.4':
    dependencies:
      undici-types: 6.21.0

  typescript@5.9.3: {}

  undici-types@6.21.0: {}
